
Microsoft Visual Studio Solution File, Format Version 12.00
# Visual Studio Version 16
VisualStudioVersion = 16.0.29102.190
MinimumVisualStudioVersion = 10.0.40219.1
Project("{FAE04EC0-301F-11D3-BF4B-00C04F79EFBC}") = "Game App", "Game App.csproj", "{61CA1D84-775B-46B3-9FC1-6401506FE054}"
EndProject
Global
	GlobalSection(SolutionConfigurationPlatforms) = preSolution
		Debug|Any CPU = Debug|Any CPU
		Release|Any CPU = Release|Any CPU
	EndGlobalSection
	GlobalSection(ProjectConfigurationPlatforms) = postSolution
		{61CA1D84-775B-46B3-9FC1-6401506FE054}.Debug|Any CPU.ActiveCfg = Debug|Any CPU
		{61CA1D84-775B-46B3-9FC1-6401506FE054}.Debug|Any CPU.Build.0 = Debug|Any CPU
		{61CA1D84-775B-46B3-9FC1-6401506FE054}.Release|Any CPU.ActiveCfg = Release|Any CPU
		{61CA1D84-775B-46B3-9FC1-6401506FE054}.Release|Any CPU.Build.0 = Release|Any CPU
	EndGlobalSection
	GlobalSection(SolutionProperties) = preSolution
		HideSolutionNode = FALSE
	EndGlobalSection
	GlobalSection(ExtensibilityGlobals) = postSolution
		SolutionGuid = {6609CE2D-9211-4941-BE4E-84326AFB6743}
	EndGlobalSection
EndGlobal
